
Microsoft Visual Studio Solution File, Format Version 12.00
# Visual Studio Version 16
VisualStudioVersion = 16.0.31321.278
MinimumVisualStudioVersion = 10.0.40219.1
Project("{FAE04EC0-301F-11D3-BF4B-00C04F79EFBC}") = "LexiconLectureCollectionApp", "LexiconLectureCollectionApp\LexiconLectureCollectionApp.csproj", "{EA63822F-7F85-4B12-91F6-71A333849D84}"
EndProject
Global
	GlobalSection(SolutionConfigurationPlatforms) = preSolution
		Debug|Any CPU = Debug|Any CPU
		Release|Any CPU = Release|Any CPU
	EndGlobalSection
	GlobalSection(ProjectConfigurationPlatforms) = postSolution
		{EA63822F-7F85-4B12-91F6-71A333849D84}.Debug|Any CPU.ActiveCfg = Debug|Any CPU
		{EA63822F-7F85-4B12-91F6-71A333849D84}.Debug|Any CPU.Build.0 = Debug|Any CPU
		{EA63822F-7F85-4B12-91F6-71A333849D84}.Release|Any CPU.ActiveCfg = Release|Any CPU
		{EA63822F-7F85-4B12-91F6-71A333849D84}.Release|Any CPU.Build.0 = Release|Any CPU
	EndGlobalSection
	GlobalSection(SolutionProperties) = preSolution
		HideSolutionNode = FALSE
	EndGlobalSection
	GlobalSection(ExtensibilityGlobals) = postSolution
		SolutionGuid = {930F77C6-37D3-4810-A7F0-1A8A89E89612}
	EndGlobalSection
EndGlobal
